<?xml version="1.0" encoding="utf-8"?>
<Project ToolsVersion="4.0" xmlns="http://schemas.microsoft.com/developer/msbuild/2003">
  <ItemGroup>
    <Filter Include="소스 파일">
      <UniqueIdentifier>{4FC737F1-C7A5-4376-A066-2A32D752A2FF}</UniqueIdentifier>
      <Extensions>cpp;c;cc;cxx;def;odl;idl;hpj;bat;asm;asmx</Extensions>
    </Filter>
    <Filter Include="헤더 파일">
      <UniqueIdentifier>{93995380-89BD-4b04-88EB-625FBE52EBFB}</UniqueIdentifier>
      <Extensions>h;hh;hpp;hxx;hm;inl;inc;ipp;xsd</Extensions>
    </Filter>
    <Filter Include="리소스 파일">
      <UniqueIdentifier>{67DA6AB6-F800-4c08-8B7A-83BB121AAD01}</UniqueIdentifier>
      <Extensions>rc;ico;cur;bmp;dlg;rc2;rct;bin;rgs;gif;jpg;jpeg;jpe;resx;tiff;tif;png;wav;mfcribbon-ms</Extensions>
    </Filter>
  </ItemGroup>
  <ItemGroup>
    <ClCompile Include="PalindromeNumber.cpp">
      <Filter>소스 파일</Filter>
    </ClCompile>
    <ClCompile Include="RomantoInteger.cpp">
      <Filter>소스 파일</Filter>
    </ClCompile>
    <ClCompile Include="Longest Common Prefix.cpp">
      <Filter>소스 파일</Filter>
    </ClCompile>
    <ClCompile Include="ValidParentheses.cpp">
      <Filter>소스 파일</Filter>
    </ClCompile>
    <ClCompile Include="RemoveDuplicatesfromSortedArray.cpp">
      <Filter>소스 파일</Filter>
    </ClCompile>
    <ClCompile Include="MergeTwoSortedLists.cpp">
      <Filter>소스 파일</Filter>
    </ClCompile>
    <ClCompile Include="RemoveElement.cpp">
      <Filter>소스 파일</Filter>
    </ClCompile>
    <ClCompile Include="ImplementStrStr.cpp">
      <Filter>소스 파일</Filter>
    </ClCompile>
    <ClCompile Include="CountandSay.cpp">
      <Filter>소스 파일</Filter>
    </ClCompile>
    <ClCompile Include="MaximumSubarray.cpp">
      <Filter>소스 파일</Filter>
    </ClCompile>
    <ClCompile Include="LengthofLastWord.cpp">
      <Filter>소스 파일</Filter>
    </ClCompile>
    <ClCompile Include="PlusOne.cpp">
      <Filter>소스 파일</Filter>
    </ClCompile>
    <ClCompile Include="AddBinary.cpp">
      <Filter>소스 파일</Filter>
    </ClCompile>
    <ClCompile Include="Sqrt.cpp">
      <Filter>소스 파일</Filter>
    </ClCompile>
    <ClCompile Include="ClimbingStairs.cpp">
      <Filter>소스 파일</Filter>
    </ClCompile>
    <ClCompile Include="RemoveDuplicatesfromSortedList.cpp">
      <Filter>소스 파일</Filter>
    </ClCompile>
    <ClCompile Include="MergeSortedArray.cpp">
      <Filter>소스 파일</Filter>
    </ClCompile>
    <ClCompile Include="SameTree.cpp">
      <Filter>소스 파일</Filter>
    </ClCompile>
    <ClCompile Include="MaximumDepthofBinaryTree.cpp">
      <Filter>소스 파일</Filter>
    </ClCompile>
    <ClCompile Include="SymmetricTree.cpp">
      <Filter>소스 파일</Filter>
    </ClCompile>
    <ClCompile Include="PathSum.cpp">
      <Filter>소스 파일</Filter>
    </ClCompile>
    <ClCompile Include="BinaryTreeLevelOrderTraversalII.cpp">
      <Filter>소스 파일</Filter>
    </ClCompile>
    <ClCompile Include="ConvertSortedArraytoBinarySearchTree.cpp">
      <Filter>소스 파일</Filter>
    </ClCompile>
    <ClCompile Include="BalancedBinaryTree.cpp">
      <Filter>소스 파일</Filter>
    </ClCompile>
    <ClCompile Include="MinimumDepthofBinaryTree.cpp">
      <Filter>소스 파일</Filter>
    </ClCompile>
    <ClCompile Include="PascalsTriangle.cpp">
      <Filter>소스 파일</Filter>
    </ClCompile>
    <ClCompile Include="Pascal%27sTriangleII.cpp">
      <Filter>소스 파일</Filter>
    </ClCompile>
    <ClCompile Include="BestTimetoBuyandSellStock.cpp">
      <Filter>소스 파일</Filter>
    </ClCompile>
    <ClCompile Include="SingleNumber.cpp">
      <Filter>소스 파일</Filter>
    </ClCompile>
    <ClCompile Include="BestTimetoBuyandSellStockII.cpp">
      <Filter>소스 파일</Filter>
    </ClCompile>
    <ClCompile Include="LinkedListCycle.cpp">
      <Filter>소스 파일</Filter>
    </ClCompile>
    <ClCompile Include="IntersectionofTwoLinkedLists.cpp">
      <Filter>소스 파일</Filter>
    </ClCompile>
    <ClCompile Include="MinStack.cpp">
      <Filter>소스 파일</Filter>
    </ClCompile>
    <ClCompile Include="TwoSumII-Inputarrayissorted.cpp">
      <Filter>소스 파일</Filter>
    </ClCompile>
    <ClCompile Include="MajorityElement.cpp">
      <Filter>소스 파일</Filter>
    </ClCompile>
    <ClCompile Include="ExcelSheetColumnTitle.cpp">
      <Filter>소스 파일</Filter>
    </ClCompile>
    <ClCompile Include="ExcelSheetColumnNumber.cpp">
      <Filter>소스 파일</Filter>
    </ClCompile>
    <ClCompile Include="CombineTwoTables.cpp">
      <Filter>소스 파일</Filter>
    </ClCompile>
    <ClCompile Include="FactorialTrailingZeroes.cpp">
      <Filter>소스 파일</Filter>
    </ClCompile>
    <ClCompile Include="SecondHighestSalary.cpp">
      <Filter>소스 파일</Filter>
    </ClCompile>
    <ClCompile Include="EmployeesEarningMoreThanTheirManagers.cpp">
      <Filter>소스 파일</Filter>
    </ClCompile>
    <ClCompile Include="CustomersWhoNeverOrder.cpp">
      <Filter>소스 파일</Filter>
    </ClCompile>
    <ClCompile Include="RotateArray.cpp">
      <Filter>소스 파일</Filter>
    </ClCompile>
    <ClCompile Include="ReverseBits.cpp">
      <Filter>소스 파일</Filter>
    </ClCompile>
    <ClCompile Include="Numberof1Bits.cpp">
      <Filter>소스 파일</Filter>
    </ClCompile>
    <ClCompile Include="DeleteDuplicateEmails.cpp">
      <Filter>소스 파일</Filter>
    </ClCompile>
    <ClCompile Include="HappyNumber.cpp">
      <Filter>소스 파일</Filter>
    </ClCompile>
    <ClCompile Include="RemoveLinkedListElements.cpp">
      <Filter>소스 파일</Filter>
    </ClCompile>
    <ClCompile Include="CountPrimes.cpp">
      <Filter>소스 파일</Filter>
    </ClCompile>
    <ClCompile Include="IsomorphicStrings.cpp">
      <Filter>소스 파일</Filter>
    </ClCompile>
    <ClCompile Include="ReverseLinkedList.cpp">
      <Filter>소스 파일</Filter>
    </ClCompile>
    <ClCompile Include="ContainsDuplicate.cpp">
      <Filter>소스 파일</Filter>
    </ClCompile>
    <ClCompile Include="ContainsDuplicateII.cpp">
      <Filter>소스 파일</Filter>
    </ClCompile>
    <ClCompile Include="ImplementStackusingQueues.cpp">
      <Filter>소스 파일</Filter>
    </ClCompile>
    <ClCompile Include="InvertBinaryTree.cpp">
      <Filter>소스 파일</Filter>
    </ClCompile>
    <ClCompile Include="PowerofTwo.cpp">
      <Filter>소스 파일</Filter>
    </ClCompile>
    <ClCompile Include="ImplementQueueusingStacks.cpp">
      <Filter>소스 파일</Filter>
    </ClCompile>
    <ClCompile Include="PalindromeLinkedList.cpp">
      <Filter>소스 파일</Filter>
    </ClCompile>
    <ClCompile Include="LowestCommonAncestorofaBinarySearchTree.cpp">
      <Filter>소스 파일</Filter>
    </ClCompile>
    <ClCompile Include="DeleteNodeinaLinkedList.cpp">
      <Filter>소스 파일</Filter>
    </ClCompile>
    <ClCompile Include="ValidAnagram.cpp">
      <Filter>소스 파일</Filter>
    </ClCompile>
    <ClCompile Include="BinaryTreePaths.cpp">
      <Filter>소스 파일</Filter>
    </ClCompile>
    <ClCompile Include="AddDigits.cpp">
      <Filter>소스 파일</Filter>
    </ClCompile>
    <ClCompile Include="UglyNumber.cpp">
      <Filter>소스 파일</Filter>
    </ClCompile>
    <ClCompile Include="MissingNumber.cpp">
      <Filter>소스 파일</Filter>
    </ClCompile>
    <ClCompile Include="FirstBadVersion.cpp">
      <Filter>소스 파일</Filter>
    </ClCompile>
    <ClCompile Include="MoveZeroes.cpp">
      <Filter>소스 파일</Filter>
    </ClCompile>
    <ClCompile Include="WordPattern.cpp">
      <Filter>소스 파일</Filter>
    </ClCompile>
    <ClCompile Include="NimGame.cpp">
      <Filter>소스 파일</Filter>
    </ClCompile>
    <ClCompile Include="BullsandCows.cpp">
      <Filter>소스 파일</Filter>
    </ClCompile>
    <ClCompile Include="RangeSumQueryImmutable.cpp">
      <Filter>소스 파일</Filter>
    </ClCompile>
    <ClCompile Include="PowerofThree.cpp">
      <Filter>소스 파일</Filter>
    </ClCompile>
    <ClCompile Include="PowerofFour.cpp">
      <Filter>소스 파일</Filter>
    </ClCompile>
    <ClCompile Include="ReverseString.cpp">
      <Filter>소스 파일</Filter>
    </ClCompile>
    <ClCompile Include="ReverseVowelsofaString.cpp">
      <Filter>소스 파일</Filter>
    </ClCompile>
    <ClCompile Include="IntersectionofTwoArrays.cpp">
      <Filter>소스 파일</Filter>
    </ClCompile>
    <ClCompile Include="IntersectionofTwoArraysII.cpp">
      <Filter>소스 파일</Filter>
    </ClCompile>
    <ClCompile Include="ValidPerfectSquare.cpp">
      <Filter>소스 파일</Filter>
    </ClCompile>
    <ClCompile Include="SumofTwoIntegers.cpp">
      <Filter>소스 파일</Filter>
    </ClCompile>
    <ClCompile Include="GuessNumberHigherorLower.cpp">
      <Filter>소스 파일</Filter>
    </ClCompile>
    <ClCompile Include="RansomNote.cpp">
      <Filter>소스 파일</Filter>
    </ClCompile>
    <ClCompile Include="FirstUniqueCharacterinaString.cpp">
      <Filter>소스 파일</Filter>
    </ClCompile>
    <ClCompile Include="FindtheDifference.cpp">
      <Filter>소스 파일</Filter>
    </ClCompile>
    <ClCompile Include="IsSubsequence.cpp">
      <Filter>소스 파일</Filter>
    </ClCompile>
    <ClCompile Include="BinaryWatch.cpp">
      <Filter>소스 파일</Filter>
    </ClCompile>
    <ClCompile Include="SumofLeftLeaves.cpp">
      <Filter>소스 파일</Filter>
    </ClCompile>
    <ClCompile Include="ConvertaNumbertoHexadecimal.cpp">
      <Filter>소스 파일</Filter>
    </ClCompile>
    <ClCompile Include="LongestPalindrome.cpp">
      <Filter>소스 파일</Filter>
    </ClCompile>
    <ClCompile Include="FizzBuzz.cpp">
      <Filter>소스 파일</Filter>
    </ClCompile>
    <ClCompile Include="ThirdMaximumNumber.cpp">
      <Filter>소스 파일</Filter>
    </ClCompile>
    <ClCompile Include="AddStrings.cpp">
      <Filter>소스 파일</Filter>
    </ClCompile>
    <ClCompile Include="NumberofSegmentsinaString.cpp">
      <Filter>소스 파일</Filter>
    </ClCompile>
    <ClCompile Include="PathSumIII.cpp">
      <Filter>소스 파일</Filter>
    </ClCompile>
    <ClCompile Include="ArrangingCoins.cpp">
      <Filter>소스 파일</Filter>
    </ClCompile>
    <ClCompile Include="StringCompression.cpp">
      <Filter>소스 파일</Filter>
    </ClCompile>
    <ClCompile Include="NumberofBoomerangs.cpp">
      <Filter>소스 파일</Filter>
    </ClCompile>
    <ClCompile Include="FindAllNumbersDisappearedinanArray.cpp">
      <Filter>소스 파일</Filter>
    </ClCompile>
    <ClCompile Include="MinimumMovestoEqualArrayElements.cpp">
      <Filter>소스 파일</Filter>
    </ClCompile>
    <ClCompile Include="AssignCookies.cpp">
      <Filter>소스 파일</Filter>
    </ClCompile>
    <ClCompile Include="RepeatedSubstringPattern.cpp">
      <Filter>소스 파일</Filter>
    </ClCompile>
    <ClCompile Include="HammingDistance.cpp">
      <Filter>소스 파일</Filter>
    </ClCompile>
    <ClCompile Include="IslandPerimeter.cpp">
      <Filter>소스 파일</Filter>
    </ClCompile>
    <ClCompile Include="NumberComplement.cpp">
      <Filter>소스 파일</Filter>
    </ClCompile>
    <ClCompile Include="Heaters.cpp">
      <Filter>소스 파일</Filter>
    </ClCompile>
    <ClCompile Include="LicenseKeyFormatting.cpp">
      <Filter>소스 파일</Filter>
    </ClCompile>
    <ClCompile Include="MaxConsecutiveOnes.cpp">
      <Filter>소스 파일</Filter>
    </ClCompile>
    <ClCompile Include="ConstructtheRectangle.cpp">
      <Filter>소스 파일</Filter>
    </ClCompile>
    <ClCompile Include="NextGreaterElementI.cpp">
      <Filter>소스 파일</Filter>
    </ClCompile>
    <ClCompile Include="FindModeinBinarySearchTree.cpp">
      <Filter>소스 파일</Filter>
    </ClCompile>
    <ClCompile Include="Base7.cpp">
      <Filter>소스 파일</Filter>
    </ClCompile>
    <ClCompile Include="RelativeRanks.cpp">
      <Filter>소스 파일</Filter>
    </ClCompile>
  </ItemGroup>
  <ItemGroup>
    <ClInclude Include="resource.h">
      <Filter>헤더 파일</Filter>
    </ClInclude>
  </ItemGroup>
  <ItemGroup>
    <ResourceCompile Include="LeetCode.rc">
      <Filter>리소스 파일</Filter>
    </ResourceCompile>
  </ItemGroup>
</Project>