<?xml version="1.0" encoding="utf-8"?>
<Project ToolsVersion="4.0" xmlns="http://schemas.microsoft.com/developer/msbuild/2003">
  <ItemGroup>
    <Filter Include="소스 파일">
      <UniqueIdentifier>{4FC737F1-C7A5-4376-A066-2A32D752A2FF}</UniqueIdentifier>
      <Extensions>cpp;c;cc;cxx;def;odl;idl;hpj;bat;asm;asmx</Extensions>
    </Filter>
    <Filter Include="헤더 파일">
      <UniqueIdentifier>{93995380-89BD-4b04-88EB-625FBE52EBFB}</UniqueIdentifier>
      <Extensions>h;hh;hpp;hxx;hm;inl;inc;ipp;xsd</Extensions>
    </Filter>
    <Filter Include="리소스 파일">
      <UniqueIdentifier>{67DA6AB6-F800-4c08-8B7A-83BB121AAD01}</UniqueIdentifier>
      <Extensions>rc;ico;cur;bmp;dlg;rc2;rct;bin;rgs;gif;jpg;jpeg;jpe;resx;tiff;tif;png;wav;mfcribbon-ms</Extensions>
    </Filter>
    <Filter Include="소스 파일\Chap08">
      <UniqueIdentifier>{78851cb3-c697-4221-a620-14d5dd20ead8}</UniqueIdentifier>
    </Filter>
    <Filter Include="소스 파일\Chap09">
      <UniqueIdentifier>{e7ec5078-d22c-4691-8152-b7cb029c11d8}</UniqueIdentifier>
    </Filter>
    <Filter Include="소스 파일\Chap06">
      <UniqueIdentifier>{3ddb2cfb-02dc-4ff5-bea2-78f0f25b2361}</UniqueIdentifier>
    </Filter>
    <Filter Include="소스 파일\Chap07">
      <UniqueIdentifier>{da33dac6-8160-4f37-8d9d-df2c9e29d11f}</UniqueIdentifier>
    </Filter>
    <Filter Include="소스 파일\Chap18">
      <UniqueIdentifier>{b2e6a96c-f9d3-4b78-96ff-6ab44411bde4}</UniqueIdentifier>
    </Filter>
    <Filter Include="소스 파일\Chap19">
      <UniqueIdentifier>{1a0ea2e9-494e-4d3a-a21b-35d51a4c7bab}</UniqueIdentifier>
    </Filter>
    <Filter Include="소스 파일\Chap20">
      <UniqueIdentifier>{5b52b191-65b5-4d3a-b28f-442d834fb896}</UniqueIdentifier>
    </Filter>
  </ItemGroup>
  <ItemGroup>
    <ClCompile Include="TILING2.cpp">
      <Filter>소스 파일\Chap08</Filter>
    </ClCompile>
    <ClCompile Include="TRIPATHCNT.cpp">
      <Filter>소스 파일\Chap08</Filter>
    </ClCompile>
    <ClCompile Include="SNAIL.cpp">
      <Filter>소스 파일\Chap08</Filter>
    </ClCompile>
    <ClCompile Include="ASYMTILING.cpp">
      <Filter>소스 파일\Chap08</Filter>
    </ClCompile>
    <ClCompile Include="POLY.cpp">
      <Filter>소스 파일\Chap08</Filter>
    </ClCompile>
    <ClCompile Include="NUMB3RS.cpp">
      <Filter>소스 파일\Chap08</Filter>
    </ClCompile>
    <ClCompile Include="PACKING.cpp">
      <Filter>소스 파일\Chap09</Filter>
    </ClCompile>
    <ClCompile Include="MORSE.cpp">
      <Filter>소스 파일\Chap09</Filter>
    </ClCompile>
    <ClCompile Include="DRAGON.cpp">
      <Filter>소스 파일\Chap09</Filter>
    </ClCompile>
    <ClCompile Include="BOGGLE.cpp">
      <Filter>소스 파일\Chap06</Filter>
    </ClCompile>
    <ClCompile Include="PICNIC.cpp">
      <Filter>소스 파일\Chap06</Filter>
    </ClCompile>
    <ClCompile Include="BOARDCOVER.cpp">
      <Filter>소스 파일\Chap06</Filter>
    </ClCompile>
    <ClCompile Include="QUADTREE.cpp">
      <Filter>소스 파일\Chap07</Filter>
    </ClCompile>
    <ClCompile Include="JOSEPHUS.cpp">
      <Filter>소스 파일\Chap18</Filter>
    </ClCompile>
    <ClCompile Include="JUMPGAME.cpp">
      <Filter>소스 파일\Chap08</Filter>
    </ClCompile>
    <ClCompile Include="BRACKETS2.cpp">
      <Filter>소스 파일\Chap19</Filter>
    </ClCompile>
    <ClCompile Include="TRIANGLEPATH.cpp">
      <Filter>소스 파일\Chap08</Filter>
    </ClCompile>
    <ClCompile Include="NAMING.cpp">
      <Filter>소스 파일\Chap20</Filter>
    </ClCompile>
    <ClCompile Include="LIS.cpp">
      <Filter>소스 파일\Chap08</Filter>
    </ClCompile>
    <ClCompile Include="JLIS.cpp">
      <Filter>소스 파일\Chap08</Filter>
    </ClCompile>
    <ClCompile Include="PALINDROMIZE.cpp">
      <Filter>소스 파일\Chap20</Filter>
    </ClCompile>
  </ItemGroup>
</Project>