<?xml version="1.0" encoding="utf-8"?>
<Project ToolsVersion="4.0" xmlns="http://schemas.microsoft.com/developer/msbuild/2003">
  <ItemGroup>
    <Filter Include="소스 파일">
      <UniqueIdentifier>{4FC737F1-C7A5-4376-A066-2A32D752A2FF}</UniqueIdentifier>
      <Extensions>cpp;c;cc;cxx;def;odl;idl;hpj;bat;asm;asmx</Extensions>
    </Filter>
    <Filter Include="헤더 파일">
      <UniqueIdentifier>{93995380-89BD-4b04-88EB-625FBE52EBFB}</UniqueIdentifier>
      <Extensions>h;hh;hpp;hxx;hm;inl;inc;ipp;xsd</Extensions>
    </Filter>
    <Filter Include="리소스 파일">
      <UniqueIdentifier>{67DA6AB6-F800-4c08-8B7A-83BB121AAD01}</UniqueIdentifier>
      <Extensions>rc;ico;cur;bmp;dlg;rc2;rct;bin;rgs;gif;jpg;jpeg;jpe;resx;tiff;tif;png;wav;mfcribbon-ms</Extensions>
    </Filter>
    <Filter Include="소스 파일\Chap08">
      <UniqueIdentifier>{78851cb3-c697-4221-a620-14d5dd20ead8}</UniqueIdentifier>
    </Filter>
    <Filter Include="소스 파일\Chap09">
      <UniqueIdentifier>{e7ec5078-d22c-4691-8152-b7cb029c11d8}</UniqueIdentifier>
    </Filter>
  </ItemGroup>
  <ItemGroup>
    <ClCompile Include="TILING2.cpp">
      <Filter>소스 파일\Chap08</Filter>
    </ClCompile>
    <ClCompile Include="TRIPATHCNT.cpp">
      <Filter>소스 파일\Chap08</Filter>
    </ClCompile>
    <ClCompile Include="SNAIL.cpp">
      <Filter>소스 파일\Chap08</Filter>
    </ClCompile>
    <ClCompile Include="ASYMTILING.cpp">
      <Filter>소스 파일\Chap08</Filter>
    </ClCompile>
    <ClCompile Include="POLY.cpp">
      <Filter>소스 파일\Chap08</Filter>
    </ClCompile>
    <ClCompile Include="NUMB3RS.cpp">
      <Filter>소스 파일\Chap08</Filter>
    </ClCompile>
    <ClCompile Include="PACKING.cpp">
      <Filter>소스 파일\Chap09</Filter>
    </ClCompile>
    <ClCompile Include="MORSE.cpp">
      <Filter>소스 파일\Chap09</Filter>
    </ClCompile>
  </ItemGroup>
</Project>